
Microsoft Visual Studio Solution File, Format Version 10.00
# Visual Studio 2008
Project("{8BC9CEB8-8B4A-11D0-8D11-00A0C91BC942}") = "Dasm6809c", "Dasm6809c.vcproj", "{F11CDC58-B41E-4E06-88E1-1E60C8E46F16}"
EndProject
Global
	GlobalSection(SolutionConfigurationPlatforms) = preSolution
		Debug|Win32 = Debug|Win32
		Release|Win32 = Release|Win32
	EndGlobalSection
	GlobalSection(ProjectConfigurationPlatforms) = postSolution
		{F11CDC58-B41E-4E06-88E1-1E60C8E46F16}.Debug|Win32.ActiveCfg = Debug|Win32
		{F11CDC58-B41E-4E06-88E1-1E60C8E46F16}.Debug|Win32.Build.0 = Debug|Win32
		{F11CDC58-B41E-4E06-88E1-1E60C8E46F16}.Release|Win32.ActiveCfg = Release|Win32
		{F11CDC58-B41E-4E06-88E1-1E60C8E46F16}.Release|Win32.Build.0 = Release|Win32
	EndGlobalSection
	GlobalSection(SolutionProperties) = preSolution
		HideSolutionNode = FALSE
	EndGlobalSection
EndGlobal
